
Microsoft Visual Studio Solution File, Format Version 12.00
Project("{FAE04EC0-301F-11D3-BF4B-00C04F79EFBC}") = "Lsp.Salary", "Lsp.Salary\Lsp.Salary.csproj", "{0644CC8A-C752-453B-9FD1-42F28BD1B321}"
EndProject
Project("{FAE04EC0-301F-11D3-BF4B-00C04F79EFBC}") = "Lsp.Animals", "Lsp.Animals\Lsp.Animals.csproj", "{DD254B34-E352-4BF3-B7B8-984BBB5E2138}"
EndProject
Global
	GlobalSection(SolutionConfigurationPlatforms) = preSolution
		Debug|Any CPU = Debug|Any CPU
		Release|Any CPU = Release|Any CPU
	EndGlobalSection
	GlobalSection(ProjectConfigurationPlatforms) = postSolution
		{0644CC8A-C752-453B-9FD1-42F28BD1B321}.Debug|Any CPU.ActiveCfg = Debug|Any CPU
		{0644CC8A-C752-453B-9FD1-42F28BD1B321}.Debug|Any CPU.Build.0 = Debug|Any CPU
		{0644CC8A-C752-453B-9FD1-42F28BD1B321}.Release|Any CPU.ActiveCfg = Release|Any CPU
		{0644CC8A-C752-453B-9FD1-42F28BD1B321}.Release|Any CPU.Build.0 = Release|Any CPU
		{DD254B34-E352-4BF3-B7B8-984BBB5E2138}.Debug|Any CPU.ActiveCfg = Debug|Any CPU
		{DD254B34-E352-4BF3-B7B8-984BBB5E2138}.Debug|Any CPU.Build.0 = Debug|Any CPU
		{DD254B34-E352-4BF3-B7B8-984BBB5E2138}.Release|Any CPU.ActiveCfg = Release|Any CPU
		{DD254B34-E352-4BF3-B7B8-984BBB5E2138}.Release|Any CPU.Build.0 = Release|Any CPU
	EndGlobalSection
EndGlobal
