
Microsoft Visual Studio Solution File, Format Version 12.00
Project("{FAE04EC0-301F-11D3-BF4B-00C04F79EFBC}") = "Incapsulation.DataAndActions", "Incapsulation.DataAndActions\Incapsulation.DataAndActions.csproj", "{84AFD38C-05EA-4084-9E5B-5A9AAA655E50}"
EndProject
Project("{FAE04EC0-301F-11D3-BF4B-00C04F79EFBC}") = "Incapsulation.DataHiding", "Incapsulation.DataHiding\Incapsulation.DataHiding.csproj", "{F466D24D-2114-4C18-88F9-159FD40459ED}"
EndProject
Global
	GlobalSection(SolutionConfigurationPlatforms) = preSolution
		Debug|Any CPU = Debug|Any CPU
		Release|Any CPU = Release|Any CPU
	EndGlobalSection
	GlobalSection(ProjectConfigurationPlatforms) = postSolution
		{84AFD38C-05EA-4084-9E5B-5A9AAA655E50}.Debug|Any CPU.ActiveCfg = Debug|Any CPU
		{84AFD38C-05EA-4084-9E5B-5A9AAA655E50}.Debug|Any CPU.Build.0 = Debug|Any CPU
		{84AFD38C-05EA-4084-9E5B-5A9AAA655E50}.Release|Any CPU.ActiveCfg = Release|Any CPU
		{84AFD38C-05EA-4084-9E5B-5A9AAA655E50}.Release|Any CPU.Build.0 = Release|Any CPU
		{F466D24D-2114-4C18-88F9-159FD40459ED}.Debug|Any CPU.ActiveCfg = Debug|Any CPU
		{F466D24D-2114-4C18-88F9-159FD40459ED}.Debug|Any CPU.Build.0 = Debug|Any CPU
		{F466D24D-2114-4C18-88F9-159FD40459ED}.Release|Any CPU.ActiveCfg = Release|Any CPU
		{F466D24D-2114-4C18-88F9-159FD40459ED}.Release|Any CPU.Build.0 = Release|Any CPU
	EndGlobalSection
EndGlobal
