
Microsoft Visual Studio Solution File, Format Version 12.00
# Visual Studio Version 16
VisualStudioVersion = 16.0.30309.148
MinimumVisualStudioVersion = 10.0.40219.1
Project("{9A19103F-16F7-4668-BE54-9A1E7A4F7556}") = "Calculation", "ExceptionHandling.Application\Calculation.csproj", "{066AEB9F-1268-4048-BEF6-772CA8269E7D}"
EndProject
Project("{9A19103F-16F7-4668-BE54-9A1E7A4F7556}") = "Calculation.Tests", "ExceptionHandling.Application.Implementation.Tests\Calculation.Tests.csproj", "{BD115C6B-671C-427E-BA95-E86934A14F49}"
EndProject
Project("{2150E333-8FDC-42A3-9474-1A3956D46DE8}") = "Solution Items", "Solution Items", "{53C717B8-B310-4470-A4BF-EDC878BE13D3}"
	ProjectSection(SolutionItems) = preProject
		Task.md = Task.md
	EndProjectSection
EndProject
Global
	GlobalSection(SolutionConfigurationPlatforms) = preSolution
		Debug|Any CPU = Debug|Any CPU
		Release|Any CPU = Release|Any CPU
	EndGlobalSection
	GlobalSection(ProjectConfigurationPlatforms) = postSolution
		{066AEB9F-1268-4048-BEF6-772CA8269E7D}.Debug|Any CPU.ActiveCfg = Debug|Any CPU
		{066AEB9F-1268-4048-BEF6-772CA8269E7D}.Debug|Any CPU.Build.0 = Debug|Any CPU
		{066AEB9F-1268-4048-BEF6-772CA8269E7D}.Release|Any CPU.ActiveCfg = Release|Any CPU
		{066AEB9F-1268-4048-BEF6-772CA8269E7D}.Release|Any CPU.Build.0 = Release|Any CPU
		{BD115C6B-671C-427E-BA95-E86934A14F49}.Debug|Any CPU.ActiveCfg = Debug|Any CPU
		{BD115C6B-671C-427E-BA95-E86934A14F49}.Debug|Any CPU.Build.0 = Debug|Any CPU
		{BD115C6B-671C-427E-BA95-E86934A14F49}.Release|Any CPU.ActiveCfg = Release|Any CPU
		{BD115C6B-671C-427E-BA95-E86934A14F49}.Release|Any CPU.Build.0 = Release|Any CPU
	EndGlobalSection
	GlobalSection(SolutionProperties) = preSolution
		HideSolutionNode = FALSE
	EndGlobalSection
	GlobalSection(ExtensibilityGlobals) = postSolution
		SolutionGuid = {8253950E-20C9-4B6C-BFF6-75A10083FBEB}
	EndGlobalSection
EndGlobal
